
Microsoft Visual Studio Solution File, Format Version 12.00
# Visual Studio 15
VisualStudioVersion = 15.0.26430.6
MinimumVisualStudioVersion = 10.0.40219.1
Project("{FAE04EC0-301F-11D3-BF4B-00C04F79EFBC}") = "Tierion.Client", "Tierion.Client\Tierion.Client.csproj", "{BE216C06-FFF9-40AC-9373-E88BFE7D0510}"
EndProject
Project("{FAE04EC0-301F-11D3-BF4B-00C04F79EFBC}") = "Terion.Client.Tests", "Terion.Client.Tests\Terion.Client.Tests.csproj", "{F2197B7D-940A-4038-BC27-935B77B47696}"
EndProject
Global
	GlobalSection(SolutionConfigurationPlatforms) = preSolution
		Debug|Any CPU = Debug|Any CPU
		Release|Any CPU = Release|Any CPU
	EndGlobalSection
	GlobalSection(ProjectConfigurationPlatforms) = postSolution
		{BE216C06-FFF9-40AC-9373-E88BFE7D0510}.Debug|Any CPU.ActiveCfg = Debug|Any CPU
		{BE216C06-FFF9-40AC-9373-E88BFE7D0510}.Debug|Any CPU.Build.0 = Debug|Any CPU
		{BE216C06-FFF9-40AC-9373-E88BFE7D0510}.Release|Any CPU.ActiveCfg = Release|Any CPU
		{BE216C06-FFF9-40AC-9373-E88BFE7D0510}.Release|Any CPU.Build.0 = Release|Any CPU
		{F2197B7D-940A-4038-BC27-935B77B47696}.Debug|Any CPU.ActiveCfg = Debug|Any CPU
		{F2197B7D-940A-4038-BC27-935B77B47696}.Debug|Any CPU.Build.0 = Debug|Any CPU
		{F2197B7D-940A-4038-BC27-935B77B47696}.Release|Any CPU.ActiveCfg = Release|Any CPU
		{F2197B7D-940A-4038-BC27-935B77B47696}.Release|Any CPU.Build.0 = Release|Any CPU
	EndGlobalSection
	GlobalSection(SolutionProperties) = preSolution
		HideSolutionNode = FALSE
	EndGlobalSection
EndGlobal
